
Microsoft Visual Studio Solution File, Format Version 12.00
# Visual Studio 2017
Project("{FAE04EC0-301F-11D3-BF4B-00C04F79EFBC}") = "Reshuiqi.Plugins", "Reshuiqi.Plugins.csproj", "{50B699CA-EBE6-62C0-0888-753C2CACE1BE}"
EndProject
Project("{FAE04EC0-301F-11D3-BF4B-00C04F79EFBC}") = "Reshuiqi", "Reshuiqi.csproj", "{AAA31FD4-1794-CA8A-B446-D5D86046917E}"
EndProject
Project("{FAE04EC0-301F-11D3-BF4B-00C04F79EFBC}") = "Reshuiqi.Editor", "Reshuiqi.Editor.csproj", "{A81F6551-6102-3CD5-7207-1414F51697D8}"
EndProject
Global
	GlobalSection(SolutionConfigurationPlatforms) = preSolution
		Debug|Any CPU = Debug|Any CPU
		Release|Any CPU = Release|Any CPU
	EndGlobalSection
	GlobalSection(ProjectConfigurationPlatforms) = postSolution
		{50B699CA-EBE6-62C0-0888-753C2CACE1BE}.Debug|Any CPU.ActiveCfg = Debug|Any CPU
		{50B699CA-EBE6-62C0-0888-753C2CACE1BE}.Debug|Any CPU.Build.0 = Debug|Any CPU
		{50B699CA-EBE6-62C0-0888-753C2CACE1BE}.Release|Any CPU.ActiveCfg = Release|Any CPU
		{50B699CA-EBE6-62C0-0888-753C2CACE1BE}.Release|Any CPU.Build.0 = Release|Any CPU
		{AAA31FD4-1794-CA8A-B446-D5D86046917E}.Debug|Any CPU.ActiveCfg = Debug|Any CPU
		{AAA31FD4-1794-CA8A-B446-D5D86046917E}.Debug|Any CPU.Build.0 = Debug|Any CPU
		{AAA31FD4-1794-CA8A-B446-D5D86046917E}.Release|Any CPU.ActiveCfg = Release|Any CPU
		{AAA31FD4-1794-CA8A-B446-D5D86046917E}.Release|Any CPU.Build.0 = Release|Any CPU
		{A81F6551-6102-3CD5-7207-1414F51697D8}.Debug|Any CPU.ActiveCfg = Debug|Any CPU
		{A81F6551-6102-3CD5-7207-1414F51697D8}.Debug|Any CPU.Build.0 = Debug|Any CPU
		{A81F6551-6102-3CD5-7207-1414F51697D8}.Release|Any CPU.ActiveCfg = Release|Any CPU
		{A81F6551-6102-3CD5-7207-1414F51697D8}.Release|Any CPU.Build.0 = Release|Any CPU
	EndGlobalSection
	GlobalSection(SolutionProperties) = preSolution
		HideSolutionNode = FALSE
	EndGlobalSection
EndGlobal
